
Microsoft Visual Studio Solution File, Format Version 12.00
# Visual Studio Version 17
VisualStudioVersion = 17.9.34902.65
MinimumVisualStudioVersion = 10.0.40219.1
Project("{9A19103F-16F7-4668-BE54-9A1E7A4F7556}") = "Model", "DataAccessLayer\Model.csproj", "{C9280447-2D6D-4A4F-AFE8-2C523549D4DA}"
EndProject
Project("{9A19103F-16F7-4668-BE54-9A1E7A4F7556}") = "Tasks", "Tasks\Tasks.csproj", "{0B5835DD-C3E3-4EE2-9D10-C6320D62C3CB}"
EndProject
Project("{9A19103F-16F7-4668-BE54-9A1E7A4F7556}") = "MAUIUI", "MAUIUI\MAUIUI.csproj", "{2EBDDFEC-1D80-4F4F-A2AD-C0B0F75CF388}"
EndProject
Global
	GlobalSection(SolutionConfigurationPlatforms) = preSolution
		Debug|Any CPU = Debug|Any CPU
		Release|Any CPU = Release|Any CPU
	EndGlobalSection
	GlobalSection(ProjectConfigurationPlatforms) = postSolution
		{C9280447-2D6D-4A4F-AFE8-2C523549D4DA}.Debug|Any CPU.ActiveCfg = Debug|Any CPU
		{C9280447-2D6D-4A4F-AFE8-2C523549D4DA}.Debug|Any CPU.Build.0 = Debug|Any CPU
		{C9280447-2D6D-4A4F-AFE8-2C523549D4DA}.Release|Any CPU.ActiveCfg = Release|Any CPU
		{C9280447-2D6D-4A4F-AFE8-2C523549D4DA}.Release|Any CPU.Build.0 = Release|Any CPU
		{0B5835DD-C3E3-4EE2-9D10-C6320D62C3CB}.Debug|Any CPU.ActiveCfg = Debug|Any CPU
		{0B5835DD-C3E3-4EE2-9D10-C6320D62C3CB}.Debug|Any CPU.Build.0 = Debug|Any CPU
		{0B5835DD-C3E3-4EE2-9D10-C6320D62C3CB}.Release|Any CPU.ActiveCfg = Release|Any CPU
		{0B5835DD-C3E3-4EE2-9D10-C6320D62C3CB}.Release|Any CPU.Build.0 = Release|Any CPU
		{2EBDDFEC-1D80-4F4F-A2AD-C0B0F75CF388}.Debug|Any CPU.ActiveCfg = Debug|Any CPU
		{2EBDDFEC-1D80-4F4F-A2AD-C0B0F75CF388}.Debug|Any CPU.Build.0 = Debug|Any CPU
		{2EBDDFEC-1D80-4F4F-A2AD-C0B0F75CF388}.Debug|Any CPU.Deploy.0 = Debug|Any CPU
		{2EBDDFEC-1D80-4F4F-A2AD-C0B0F75CF388}.Release|Any CPU.ActiveCfg = Release|Any CPU
		{2EBDDFEC-1D80-4F4F-A2AD-C0B0F75CF388}.Release|Any CPU.Build.0 = Release|Any CPU
		{2EBDDFEC-1D80-4F4F-A2AD-C0B0F75CF388}.Release|Any CPU.Deploy.0 = Release|Any CPU
	EndGlobalSection
	GlobalSection(SolutionProperties) = preSolution
		HideSolutionNode = FALSE
	EndGlobalSection
	GlobalSection(ExtensibilityGlobals) = postSolution
		SolutionGuid = {90D7CDFC-8361-4731-BE14-0FBFA0B05E04}
	EndGlobalSection
EndGlobal
